
Microsoft Visual Studio Solution File, Format Version 12.00
# Visual Studio Version 17
VisualStudioVersion = 17.9.34616.47
MinimumVisualStudioVersion = 10.0.40219.1
Project("{FAE04EC0-301F-11D3-BF4B-00C04F79EFBC}") = "SeatAPI", "SeatAPI\SeatAPI.csproj", "{44539691-3CD9-44F9-B344-A486D351EDB6}"
EndProject
Global
	GlobalSection(SolutionConfigurationPlatforms) = preSolution
		Debug|Any CPU = Debug|Any CPU
		Release|Any CPU = Release|Any CPU
	EndGlobalSection
	GlobalSection(ProjectConfigurationPlatforms) = postSolution
		{44539691-3CD9-44F9-B344-A486D351EDB6}.Debug|Any CPU.ActiveCfg = Debug|Any CPU
		{44539691-3CD9-44F9-B344-A486D351EDB6}.Debug|Any CPU.Build.0 = Debug|Any CPU
		{44539691-3CD9-44F9-B344-A486D351EDB6}.Release|Any CPU.ActiveCfg = Release|Any CPU
		{44539691-3CD9-44F9-B344-A486D351EDB6}.Release|Any CPU.Build.0 = Release|Any CPU
	EndGlobalSection
	GlobalSection(SolutionProperties) = preSolution
		HideSolutionNode = FALSE
	EndGlobalSection
	GlobalSection(ExtensibilityGlobals) = postSolution
		SolutionGuid = {D47EF7C0-A9E6-4B8E-AA5C-4DD718C0C5F1}
	EndGlobalSection
EndGlobal
